
Microsoft Visual Studio Solution File, Format Version 12.00
# Visual Studio Version 17
VisualStudioVersion = 17.9.34728.123
MinimumVisualStudioVersion = 10.0.40219.1
Project("{FAE04EC0-301F-11D3-BF4B-00C04F79EFBC}") = "Backend", "Backend\Backend.csproj", "{18BF645E-A670-4BC1-B01B-FE73AAE5BA4C}"
EndProject
Global
	GlobalSection(SolutionConfigurationPlatforms) = preSolution
		Debug|Any CPU = Debug|Any CPU
		Release|Any CPU = Release|Any CPU
	EndGlobalSection
	GlobalSection(ProjectConfigurationPlatforms) = postSolution
		{18BF645E-A670-4BC1-B01B-FE73AAE5BA4C}.Debug|Any CPU.ActiveCfg = Debug|Any CPU
		{18BF645E-A670-4BC1-B01B-FE73AAE5BA4C}.Debug|Any CPU.Build.0 = Debug|Any CPU
		{18BF645E-A670-4BC1-B01B-FE73AAE5BA4C}.Release|Any CPU.ActiveCfg = Release|Any CPU
		{18BF645E-A670-4BC1-B01B-FE73AAE5BA4C}.Release|Any CPU.Build.0 = Release|Any CPU
	EndGlobalSection
	GlobalSection(SolutionProperties) = preSolution
		HideSolutionNode = FALSE
	EndGlobalSection
	GlobalSection(ExtensibilityGlobals) = postSolution
		SolutionGuid = {45DFBE3B-1C0D-4DB5-9382-DA0BA8CE701B}
	EndGlobalSection
EndGlobal
